
Microsoft Visual Studio Solution File, Format Version 12.00
# Visual Studio Version 16
VisualStudioVersion = 16.0.30804.86
MinimumVisualStudioVersion = 10.0.40219.1
Project("{FAE04EC0-301F-11D3-BF4B-00C04F79EFBC}") = "ProjectManagementTool", "ProjectManagementTool.csproj", "{1E5D28AC-C676-4B18-86AF-E39553FC8685}"
EndProject
Global
	GlobalSection(SolutionConfigurationPlatforms) = preSolution
		Debug|Any CPU = Debug|Any CPU
		Release|Any CPU = Release|Any CPU
	EndGlobalSection
	GlobalSection(ProjectConfigurationPlatforms) = postSolution
		{1E5D28AC-C676-4B18-86AF-E39553FC8685}.Debug|Any CPU.ActiveCfg = Debug|Any CPU
		{1E5D28AC-C676-4B18-86AF-E39553FC8685}.Debug|Any CPU.Build.0 = Debug|Any CPU
		{1E5D28AC-C676-4B18-86AF-E39553FC8685}.Release|Any CPU.ActiveCfg = Release|Any CPU
		{1E5D28AC-C676-4B18-86AF-E39553FC8685}.Release|Any CPU.Build.0 = Release|Any CPU
	EndGlobalSection
	GlobalSection(SolutionProperties) = preSolution
		HideSolutionNode = FALSE
	EndGlobalSection
	GlobalSection(ExtensibilityGlobals) = postSolution
		SolutionGuid = {004B3742-5CDF-45D8-AB9F-E10F7CECAF42}
	EndGlobalSection
EndGlobal
